
Microsoft Visual Studio Solution File, Format Version 12.00
# Visual Studio Version 17
VisualStudioVersion = 17.14.36301.6 d17.14
MinimumVisualStudioVersion = 10.0.40219.1
Project("{FAE04EC0-301F-11D3-BF4B-00C04F79EFBC}") = "muzyu", "muzyu\muzyu.csproj", "{AD2E4DB8-C51E-474B-8282-3878BEBA5EBE}"
EndProject
Global
	GlobalSection(SolutionConfigurationPlatforms) = preSolution
		Debug|Any CPU = Debug|Any CPU
		Release|Any CPU = Release|Any CPU
	EndGlobalSection
	GlobalSection(ProjectConfigurationPlatforms) = postSolution
		{AD2E4DB8-C51E-474B-8282-3878BEBA5EBE}.Debug|Any CPU.ActiveCfg = Debug|Any CPU
		{AD2E4DB8-C51E-474B-8282-3878BEBA5EBE}.Debug|Any CPU.Build.0 = Debug|Any CPU
		{AD2E4DB8-C51E-474B-8282-3878BEBA5EBE}.Release|Any CPU.ActiveCfg = Release|Any CPU
		{AD2E4DB8-C51E-474B-8282-3878BEBA5EBE}.Release|Any CPU.Build.0 = Release|Any CPU
	EndGlobalSection
	GlobalSection(SolutionProperties) = preSolution
		HideSolutionNode = FALSE
	EndGlobalSection
	GlobalSection(ExtensibilityGlobals) = postSolution
		SolutionGuid = {C935A75B-BB85-432E-A461-69EA7B4E4247}
	EndGlobalSection
EndGlobal
